
Microsoft Visual Studio Solution File, Format Version 12.00
# Visual Studio Version 17
VisualStudioVersion = 17.0.31903.59
MinimumVisualStudioVersion = 10.0.40219.1
Project("{FAE04EC0-301F-11D3-BF4B-00C04F79EFBC}") = "CLDV7112_PROJECT2", "CLDV7112_PROJECT2\CLDV7112_PROJECT2.csproj", "{F84BA864-24FD-48B8-BBB0-7E5DE4968D0A}"
EndProject
Project("{FAE04EC0-301F-11D3-BF4B-00C04F79EFBC}") = "CLDV7112_PROJECT2.Functions", "CLDV7112_PROJECT2.Functions\CLDV7112_PROJECT2.Functions.csproj", "{3550460E-1CC9-46BB-99FD-E783A50DE43E}"
EndProject
Global
	GlobalSection(SolutionConfigurationPlatforms) = preSolution
		Debug|Any CPU = Debug|Any CPU
		Debug|x64 = Debug|x64
		Debug|x86 = Debug|x86
		Release|Any CPU = Release|Any CPU
		Release|x64 = Release|x64
		Release|x86 = Release|x86
	EndGlobalSection
	GlobalSection(ProjectConfigurationPlatforms) = postSolution
		{F84BA864-24FD-48B8-BBB0-7E5DE4968D0A}.Debug|Any CPU.ActiveCfg = Debug|Any CPU
		{F84BA864-24FD-48B8-BBB0-7E5DE4968D0A}.Debug|Any CPU.Build.0 = Debug|Any CPU
		{F84BA864-24FD-48B8-BBB0-7E5DE4968D0A}.Debug|x64.ActiveCfg = Debug|Any CPU
		{F84BA864-24FD-48B8-BBB0-7E5DE4968D0A}.Debug|x64.Build.0 = Debug|Any CPU
		{F84BA864-24FD-48B8-BBB0-7E5DE4968D0A}.Debug|x86.ActiveCfg = Debug|Any CPU
		{F84BA864-24FD-48B8-BBB0-7E5DE4968D0A}.Debug|x86.Build.0 = Debug|Any CPU
		{F84BA864-24FD-48B8-BBB0-7E5DE4968D0A}.Release|Any CPU.ActiveCfg = Release|Any CPU
		{F84BA864-24FD-48B8-BBB0-7E5DE4968D0A}.Release|Any CPU.Build.0 = Release|Any CPU
		{F84BA864-24FD-48B8-BBB0-7E5DE4968D0A}.Release|x64.ActiveCfg = Release|Any CPU
		{F84BA864-24FD-48B8-BBB0-7E5DE4968D0A}.Release|x64.Build.0 = Release|Any CPU
		{F84BA864-24FD-48B8-BBB0-7E5DE4968D0A}.Release|x86.ActiveCfg = Release|Any CPU
		{F84BA864-24FD-48B8-BBB0-7E5DE4968D0A}.Release|x86.Build.0 = Release|Any CPU
		{3550460E-1CC9-46BB-99FD-E783A50DE43E}.Debug|Any CPU.ActiveCfg = Debug|Any CPU
		{3550460E-1CC9-46BB-99FD-E783A50DE43E}.Debug|Any CPU.Build.0 = Debug|Any CPU
		{3550460E-1CC9-46BB-99FD-E783A50DE43E}.Debug|x64.ActiveCfg = Debug|Any CPU
		{3550460E-1CC9-46BB-99FD-E783A50DE43E}.Debug|x64.Build.0 = Debug|Any CPU
		{3550460E-1CC9-46BB-99FD-E783A50DE43E}.Debug|x86.ActiveCfg = Debug|Any CPU
		{3550460E-1CC9-46BB-99FD-E783A50DE43E}.Debug|x86.Build.0 = Debug|Any CPU
		{3550460E-1CC9-46BB-99FD-E783A50DE43E}.Release|Any CPU.ActiveCfg = Release|Any CPU
		{3550460E-1CC9-46BB-99FD-E783A50DE43E}.Release|Any CPU.Build.0 = Release|Any CPU
		{3550460E-1CC9-46BB-99FD-E783A50DE43E}.Release|x64.ActiveCfg = Release|Any CPU
		{3550460E-1CC9-46BB-99FD-E783A50DE43E}.Release|x64.Build.0 = Release|Any CPU
		{3550460E-1CC9-46BB-99FD-E783A50DE43E}.Release|x86.ActiveCfg = Release|Any CPU
		{3550460E-1CC9-46BB-99FD-E783A50DE43E}.Release|x86.Build.0 = Release|Any CPU
	EndGlobalSection
	GlobalSection(SolutionProperties) = preSolution
		HideSolutionNode = FALSE
	EndGlobalSection
EndGlobal
